
Microsoft Visual Studio Solution File, Format Version 12.00
# Visual Studio Version 18
VisualStudioVersion = 18.4.11626.88
MinimumVisualStudioVersion = 10.0.40219.1
Project("{FAE04EC0-301F-11D3-BF4B-00C04F79EFBC}") = "ProductCatalogToSheets", "ProductCatalogToSheets\ProductCatalogToSheets.csproj", "{E675ADA5-2014-0C74-C498-2DE494C7BC8C}"
EndProject
Global
	GlobalSection(SolutionConfigurationPlatforms) = preSolution
		Debug|Any CPU = Debug|Any CPU
		Release|Any CPU = Release|Any CPU
	EndGlobalSection
	GlobalSection(ProjectConfigurationPlatforms) = postSolution
		{E675ADA5-2014-0C74-C498-2DE494C7BC8C}.Debug|Any CPU.ActiveCfg = Debug|Any CPU
		{E675ADA5-2014-0C74-C498-2DE494C7BC8C}.Debug|Any CPU.Build.0 = Debug|Any CPU
		{E675ADA5-2014-0C74-C498-2DE494C7BC8C}.Release|Any CPU.ActiveCfg = Release|Any CPU
		{E675ADA5-2014-0C74-C498-2DE494C7BC8C}.Release|Any CPU.Build.0 = Release|Any CPU
	EndGlobalSection
	GlobalSection(SolutionProperties) = preSolution
		HideSolutionNode = FALSE
	EndGlobalSection
	GlobalSection(ExtensibilityGlobals) = postSolution
		SolutionGuid = {F707A3CF-A23C-4F80-BC06-8A0AF1F20019}
	EndGlobalSection
EndGlobal
